# uv.lock
version = 1
requires-python = ">=3.12"

[[package]]
name = "fastapi"
version = "0.115.0"
source = { registry = "https://pypi.org/simple" }
dependencies = [
  { name = "pydantic" },
  { name = "starlette" },
]

[[package]]
name = "pydantic"
version = "2.9.0"
source = { registry = "https://pypi.org/simple" }
dependencies = [
  { name = "annotated-types" },
  { name = "pydantic-core" },
]

[[package]]
name = "sqlalchemy"
version = "2.0.32"
source = { registry = "https://pypi.org/simple" }
